// !$*UTF8*$!
{
	archiveVersion = 1;
	classes = {
	};
	objectVersion = 48;
	objects = {

/* Begin PBXBuildFile section */
		2B3520C81FD91C1A0021313A /* AppDelegate.swift in Sources */ = {isa = PBXBuildFile; fileRef = 2B3520C71FD91C1A0021313A /* AppDelegate.swift */; };
		2B3520CD1FD91C1A0021313A /* Main.storyboard in Resources */ = {isa = PBXBuildFile; fileRef = 2B3520CB1FD91C1A0021313A /* Main.storyboard */; };
		2B3520CF1FD91C1A0021313A /* Assets.xcassets in Resources */ = {isa = PBXBuildFile; fileRef = 2B3520CE1FD91C1A0021313A /* Assets.xcassets */; };
		2B3520D21FD91C1A0021313A /* LaunchScreen.storyboard in Resources */ = {isa = PBXBuildFile; fileRef = 2B3520D01FD91C1A0021313A /* LaunchScreen.storyboard */; };
		2B3520DA1FD91F4B0021313A /* ViewController.swift in Sources */ = {isa = PBXBuildFile; fileRef = 2B3520D91FD91F4B0021313A /* ViewController.swift */; };
		2B3520DC1FD91FC30021313A /* TTDefine.swift in Sources */ = {isa = PBXBuildFile; fileRef = 2B3520DB1FD91FC30021313A /* TTDefine.swift */; };
		2B3520DF1FD922B50021313A /* BaseViewController.swift in Sources */ = {isa = PBXBuildFile; fileRef = 2B3520DE1FD922B40021313A /* BaseViewController.swift */; };
		2B3520E21FD923420021313A /* BasicAnimationController.swift in Sources */ = {isa = PBXBuildFile; fileRef = 2B3520E11FD923420021313A /* BasicAnimationController.swift */; };
		2B3520E41FD928F10021313A /* KeyFrameAnimationController.swift in Sources */ = {isa = PBXBuildFile; fileRef = 2B3520E31FD928F10021313A /* KeyFrameAnimationController.swift */; };
		2B3520E61FD929A20021313A /* GroupAnimationController.swift in Sources */ = {isa = PBXBuildFile; fileRef = 2B3520E51FD929A20021313A /* GroupAnimationController.swift */; };
		2B3520E81FD92A4E0021313A /* TransitionAnimationController.swift in Sources */ = {isa = PBXBuildFile; fileRef = 2B3520E71FD92A4E0021313A /* TransitionAnimationController.swift */; };
/* End PBXBuildFile section */

/* Begin PBXFileReference section */
		2B3520C41FD91C1A0021313A /* Animation_Swift.app */ = {isa = PBXFileReference; explicitFileType = wrapper.application; includeInIndex = 0; path = Animation_Swift.app; sourceTree = BUILT_PRODUCTS_DIR; };
		2B3520C71FD91C1A0021313A /* AppDelegate.swift */ = {isa = PBXFileReference; lastKnownFileType = sourcecode.swift; path = AppDelegate.swift; sourceTree = "<group>"; };
		2B3520CC1FD91C1A0021313A /* Base */ = {isa = PBXFileReference; lastKnownFileType = file.storyboard; name = Base; path = Base.lproj/Main.storyboard; sourceTree = "<group>"; };
		2B3520CE1FD91C1A0021313A /* Assets.xcassets */ = {isa = PBXFileReference; lastKnownFileType = folder.assetcatalog; path = Assets.xcassets; sourceTree = "<group>"; };
		2B3520D11FD91C1A0021313A /* Base */ = {isa = PBXFileReference; lastKnownFileType = file.storyboard; name = Base; path = Base.lproj/LaunchScreen.storyboard; sourceTree = "<group>"; };
		2B3520D31FD91C1A0021313A /* Info.plist */ = {isa = PBXFileReference; lastKnownFileType = text.plist.xml; path = Info.plist; sourceTree = "<group>"; };
		2B3520D91FD91F4B0021313A /* ViewController.swift */ = {isa = PBXFileReference; fileEncoding = 4; lastKnownFileType = sourcecode.swift; path = ViewController.swift; sourceTree = "<group>"; };
		2B3520DB1FD91FC30021313A /* TTDefine.swift */ = {isa = PBXFileReference; fileEncoding = 4; lastKnownFileType = sourcecode.swift; path = TTDefine.swift; sourceTree = "<group>"; };
		2B3520DE1FD922B40021313A /* BaseViewController.swift */ = {isa = PBXFileReference; fileEncoding = 4; lastKnownFileType = sourcecode.swift; path = BaseViewController.swift; sourceTree = "<group>"; };
		2B3520E11FD923420021313A /* BasicAnimationController.swift */ = {isa = PBXFileReference; fileEncoding = 4; lastKnownFileType = sourcecode.swift; path = BasicAnimationController.swift; sourceTree = "<group>"; };
		2B3520E31FD928F10021313A /* KeyFrameAnimationController.swift */ = {isa = PBXFileReference; fileEncoding = 4; lastKnownFileType = sourcecode.swift; path = KeyFrameAnimationController.swift; sourceTree = "<group>"; };
		2B3520E51FD929A20021313A /* GroupAnimationController.swift */ = {isa = PBXFileReference; fileEncoding = 4; lastKnownFileType = sourcecode.swift; path = GroupAnimationController.swift; sourceTree = "<group>"; };
		2B3520E71FD92A4E0021313A /* TransitionAnimationController.swift */ = {isa = PBXFileReference; fileEncoding = 4; lastKnownFileType = sourcecode.swift; path = TransitionAnimationController.swift; sourceTree = "<group>"; };
/* End PBXFileReference section */

/* Begin PBXFrameworksBuildPhase section */
		2B3520C11FD91C1A0021313A /* Frameworks */ = {
			isa = PBXFrameworksBuildPhase;
			buildActionMask = 2147483647;
			files = (
			);
			runOnlyForDeploymentPostprocessing = 0;
		};
/* End PBXFrameworksBuildPhase section */

/* Begin PBXGroup section */
		2B3520BB1FD91C1A0021313A = {
			isa = PBXGroup;
			children = (
				2B3520C61FD91C1A0021313A /* Animation_Swift */,
				2B3520C51FD91C1A0021313A /* Products */,
			);
			sourceTree = "<group>";
		};
		2B3520C51FD91C1A0021313A /* Products */ = {
			isa = PBXGroup;
			children = (
				2B3520C41FD91C1A0021313A /* Animation_Swift.app */,
			);
			name = Products;
			sourceTree = "<group>";
		};
		2B3520C61FD91C1A0021313A /* Animation_Swift */ = {
			isa = PBXGroup;
			children = (
				2B3520E01FD9232E0021313A /* Animation */,
				2B3520DD1FD922B40021313A /* Base */,
				2B3520C71FD91C1A0021313A /* AppDelegate.swift */,
				2B3520D91FD91F4B0021313A /* ViewController.swift */,
				2B3520CB1FD91C1A0021313A /* Main.storyboard */,
				2B3520CE1FD91C1A0021313A /* Assets.xcassets */,
				2B3520D01FD91C1A0021313A /* LaunchScreen.storyboard */,
				2B3520D31FD91C1A0021313A /* Info.plist */,
				2B3520DB1FD91FC30021313A /* TTDefine.swift */,
			);
			path = Animation_Swift;
			sourceTree = "<group>";
		};
		2B3520DD1FD922B40021313A /* Base */ = {
			isa = PBXGroup;
			children = (
				2B3520DE1FD922B40021313A /* BaseViewController.swift */,
			);
			path = Base;
			sourceTree = "<group>";
		};
		2B3520E01FD9232E0021313A /* Animation */ = {
			isa = PBXGroup;
			children = (
				2B3520E11FD923420021313A /* BasicAnimationController.swift */,
				2B3520E31FD928F10021313A /* KeyFrameAnimationController.swift */,
				2B3520E51FD929A20021313A /* GroupAnimationController.swift */,
				2B3520E71FD92A4E0021313A /* TransitionAnimationController.swift */,
			);
			path = Animation;
			sourceTree = "<group>";
		};
/* End PBXGroup section */

/* Begin PBXNativeTarget section */
		2B3520C31FD91C1A0021313A /* Animation_Swift */ = {
			isa = PBXNativeTarget;
			buildConfigurationList = 2B3520D61FD91C1A0021313A /* Build configuration list for PBXNativeTarget "Animation_Swift" */;
			buildPhases = (
				2B3520C01FD91C1A0021313A /* Sources */,
				2B3520C11FD91C1A0021313A /* Frameworks */,
				2B3520C21FD91C1A0021313A /* Resources */,
			);
			buildRules = (
			);
			dependencies = (
			);
			name = Animation_Swift;
			productName = Animation_Swift;
			productReference = 2B3520C41FD91C1A0021313A /* Animation_Swift.app */;
			productType = "com.apple.product-type.application";
		};
/* End PBXNativeTarget section */

/* Begin PBXProject section */
		2B3520BC1FD91C1A0021313A /* Project object */ = {
			isa = PBXProject;
			attributes = {
				LastSwiftUpdateCheck = 0910;
				LastUpgradeCheck = 0910;
				ORGANIZATIONNAME = ShaggyT;
				TargetAttributes = {
					2B3520C31FD91C1A0021313A = {
						CreatedOnToolsVersion = 9.1;
						ProvisioningStyle = Automatic;
					};
				};
			};
			buildConfigurationList = 2B3520BF1FD91C1A0021313A /* Build configuration list for PBXProject "Animation_Swift" */;
			compatibilityVersion = "Xcode 8.0";
			developmentRegion = en;
			hasScannedForEncodings = 0;
			knownRegions = (
				en,
				Base,
			);
			mainGroup = 2B3520BB1FD91C1A0021313A;
			productRefGroup = 2B3520C51FD91C1A0021313A /* Products */;
			projectDirPath = "";
			projectRoot = "";
			targets = (
				2B3520C31FD91C1A0021313A /* Animation_Swift */,
			);
		};
/* End PBXProject section */

/* Begin PBXResourcesBuildPhase section */
		2B3520C21FD91C1A0021313A /* Resources */ = {
			isa = PBXResourcesBuildPhase;
			buildActionMask = 2147483647;
			files = (
				2B3520D21FD91C1A0021313A /* LaunchScreen.storyboard in Resources */,
				2B3520CF1FD91C1A0021313A /* Assets.xcassets in Resources */,
				2B3520CD1FD91C1A0021313A /* Main.storyboard in Resources */,
			);
			runOnlyForDeploymentPostprocessing = 0;
		};
/* End PBXResourcesBuildPhase section */

/* Begin PBXSourcesBuildPhase section */
		2B3520C01FD91C1A0021313A /* Sources */ = {
			isa = PBXSourcesBuildPhase;
			buildActionMask = 2147483647;
			files = (
				2B3520DC1FD91FC30021313A /* TTDefine.swift in Sources */,
				2B3520DF1FD922B50021313A /* BaseViewController.swift in Sources */,
				2B3520E61FD929A20021313A /* GroupAnimationController.swift in Sources */,
				2B3520E41FD928F10021313A /* KeyFrameAnimationController.swift in Sources */,
				2B3520DA1FD91F4B0021313A /* ViewController.swift in Sources */,
				2B3520E81FD92A4E0021313A /* TransitionAnimationController.swift in Sources */,
				2B3520C81FD91C1A0021313A /* AppDelegate.swift in Sources */,
				2B3520E21FD923420021313A /* BasicAnimationController.swift in Sources */,
			);
			runOnlyForDeploymentPostprocessing = 0;
		};
/* End PBXSourcesBuildPhase section */

/* Begin PBXVariantGroup section */
		2B3520CB1FD91C1A0021313A /* Main.storyboard */ = {
			isa = PBXVariantGroup;
			children = (
				2B3520CC1FD91C1A0021313A /* Base */,
			);
			name = Main.storyboard;
			sourceTree = "<group>";
		};
		2B3520D01FD91C1A0021313A /* LaunchScreen.storyboard */ = {
			isa = PBXVariantGroup;
			children = (
				2B3520D11FD91C1A0021313A /* Base */,
			);
			name = LaunchScreen.storyboard;
			sourceTree = "<group>";
		};
/* End PBXVariantGroup section */

/* Begin XCBuildConfiguration section */
		2B3520D41FD91C1A0021313A /* Debug */ = {
			isa = XCBuildConfiguration;
			buildSettings = {
				ALWAYS_SEARCH_USER_PATHS = NO;
				CLANG_ANALYZER_NONNULL = YES;
				CLANG_ANALYZER_NUMBER_OBJECT_CONVERSION = YES_AGGRESSIVE;
				CLANG_CXX_LANGUAGE_STANDARD = "gnu++14";
				CLANG_CXX_LIBRARY = "libc++";
				CLANG_ENABLE_MODULES = YES;
				CLANG_ENABLE_OBJC_ARC = YES;
				CLANG_WARN_BLOCK_CAPTURE_AUTORELEASING = YES;
				CLANG_WARN_BOOL_CONVERSION = YES;
				CLANG_WARN_COMMA = YES;
				CLANG_WARN_CONSTANT_CONVERSION = YES;
				CLANG_WARN_DIRECT_OBJC_ISA_USAGE = YES_ERROR;
				CLANG_WARN_DOCUMENTATION_COMMENTS = YES;
				CLANG_WARN_EMPTY_BODY = YES;
				CLANG_WARN_ENUM_CONVERSION = YES;
				CLANG_WARN_INFINITE_RECURSION = YES;
				CLANG_WARN_INT_CONVERSION = YES;
				CLANG_WARN_NON_LITERAL_NULL_CONVERSION = YES;
				CLANG_WARN_OBJC_LITERAL_CONVERSION = YES;
				CLANG_WARN_OBJC_ROOT_CLASS = YES_ERROR;
				CLANG_WARN_RANGE_LOOP_ANALYSIS = YES;
				CLANG_WARN_STRICT_PROTOTYPES = YES;
				CLANG_WARN_SUSPICIOUS_MOVE = YES;
				CLANG_WARN_UNGUARDED_AVAILABILITY = YES_AGGRESSIVE;
				CLANG_WARN_UNREACHABLE_CODE = YES;
				CLANG_WARN__DUPLICATE_METHOD_MATCH = YES;
				CODE_SIGN_IDENTITY = "iPhone Developer";
				COPY_PHASE_STRIP = NO;
				DEBUG_INFORMATION_FORMAT = dwarf;
				ENABLE_STRICT_OBJC_MSGSEND = YES;
				ENABLE_TESTABILITY = YES;
				GCC_C_LANGUAGE_STANDARD = gnu11;
				GCC_DYNAMIC_NO_PIC = NO;
				GCC_NO_COMMON_BLOCKS = YES;
				GCC_OPTIMIZATION_LEVEL = 0;
				GCC_PREPROCESSOR_DEFINITIONS = (
					"DEBUG=1",
					"$(inherited)",
				);
				GCC_WARN_64_TO_32_BIT_CONVERSION = YES;
				GCC_WARN_ABOUT_RETURN_TYPE = YES_ERROR;
				GCC_WARN_UNDECLARED_SELECTOR = YES;
				GCC_WARN_UNINITIALIZED_AUTOS = YES_AGGRESSIVE;
				GCC_WARN_UNUSED_FUNCTION = YES;
				GCC_WARN_UNUSED_VARIABLE = YES;
				IPHONEOS_DEPLOYMENT_TARGET = 11.1;
				MTL_ENABLE_DEBUG_INFO = YES;
				ONLY_ACTIVE_ARCH = YES;
				SDKROOT = iphoneos;
				SWIFT_ACTIVE_COMPILATION_CONDITIONS = DEBUG;
				SWIFT_OPTIMIZATION_LEVEL = "-Onone";
			};
			name = Debug;
		};
		2B3520D51FD91C1A0021313A /* Release */ = {
			isa = XCBuildConfiguration;
			buildSettings = {
				ALWAYS_SEARCH_USER_PATHS = NO;
				CLANG_ANALYZER_NONNULL = YES;
				CLANG_ANALYZER_NUMBER_OBJECT_CONVERSION = YES_AGGRESSIVE;
				CLANG_CXX_LANGUAGE_STANDARD = "gnu++14";
				CLANG_CXX_LIBRARY = "libc++";
				CLANG_ENABLE_MODULES = YES;
				CLANG_ENABLE_OBJC_ARC = YES;
				CLANG_WARN_BLOCK_CAPTURE_AUTORELEASING = YES;
				CLANG_WARN_BOOL_CONVERSION = YES;
				CLANG_WARN_COMMA = YES;
				CLANG_WARN_CONSTANT_CONVERSION = YES;
				CLANG_WARN_DIRECT_OBJC_ISA_USAGE = YES_ERROR;
				CLANG_WARN_DOCUMENTATION_COMMENTS = YES;
				CLANG_WARN_EMPTY_BODY = YES;
				CLANG_WARN_ENUM_CONVERSION = YES;
				CLANG_WARN_INFINITE_RECURSION = YES;
				CLANG_WARN_INT_CONVERSION = YES;
				CLANG_WARN_NON_LITERAL_NULL_CONVERSION = YES;
				CLANG_WARN_OBJC_LITERAL_CONVERSION = YES;
				CLANG_WARN_OBJC_ROOT_CLASS = YES_ERROR;
				CLANG_WARN_RANGE_LOOP_ANALYSIS = YES;
				CLANG_WARN_STRICT_PROTOTYPES = YES;
				CLANG_WARN_SUSPICIOUS_MOVE = YES;
				CLANG_WARN_UNGUARDED_AVAILABILITY = YES_AGGRESSIVE;
				CLANG_WARN_UNREACHABLE_CODE = YES;
				CLANG_WARN__DUPLICATE_METHOD_MATCH = YES;
				CODE_SIGN_IDENTITY = "iPhone Developer";
				COPY_PHASE_STRIP = NO;
				DEBUG_INFORMATION_FORMAT = "dwarf-with-dsym";
				ENABLE_NS_ASSERTIONS = NO;
				ENABLE_STRICT_OBJC_MSGSEND = YES;
				GCC_C_LANGUAGE_STANDARD = gnu11;
				GCC_NO_COMMON_BLOCKS = YES;
				GCC_WARN_64_TO_32_BIT_CONVERSION = YES;
				GCC_WARN_ABOUT_RETURN_TYPE = YES_ERROR;
				GCC_WARN_UNDECLARED_SELECTOR = YES;
				GCC_WARN_UNINITIALIZED_AUTOS = YES_AGGRESSIVE;
				GCC_WARN_UNUSED_FUNCTION = YES;
				GCC_WARN_UNUSED_VARIABLE = YES;
				IPHONEOS_DEPLOYMENT_TARGET = 11.1;
				MTL_ENABLE_DEBUG_INFO = NO;
				SDKROOT = iphoneos;
				SWIFT_OPTIMIZATION_LEVEL = "-Owholemodule";
				VALIDATE_PRODUCT = YES;
			};
			name = Release;
		};
		2B3520D71FD91C1A0021313A /* Debug */ = {
			isa = XCBuildConfiguration;
			buildSettings = {
				ASSETCATALOG_COMPILER_APPICON_NAME = AppIcon;
				CODE_SIGN_STYLE = Automatic;
				INFOPLIST_FILE = Animation_Swift/Info.plist;
				LD_RUNPATH_SEARCH_PATHS = "$(inherited) @executable_path/Frameworks";
				PRODUCT_BUNDLE_IDENTIFIER = "com.ShaggyT.Animation-Swift";
				PRODUCT_NAME = "$(TARGET_NAME)";
				SWIFT_VERSION = 4.0;
				TARGETED_DEVICE_FAMILY = "1,2";
			};
			name = Debug;
		};
		2B3520D81FD91C1A0021313A /* Release */ = {
			isa = XCBuildConfiguration;
			buildSettings = {
				ASSETCATALOG_COMPILER_APPICON_NAME = AppIcon;
				CODE_SIGN_STYLE = Automatic;
				INFOPLIST_FILE = Animation_Swift/Info.plist;
				LD_RUNPATH_SEARCH_PATHS = "$(inherited) @executable_path/Frameworks";
				PRODUCT_BUNDLE_IDENTIFIER = "com.ShaggyT.Animation-Swift";
				PRODUCT_NAME = "$(TARGET_NAME)";
				SWIFT_VERSION = 4.0;
				TARGETED_DEVICE_FAMILY = "1,2";
			};
			name = Release;
		};
/* End XCBuildConfiguration section */

/* Begin XCConfigurationList section */
		2B3520BF1FD91C1A0021313A /* Build configuration list for PBXProject "Animation_Swift" */ = {
			isa = XCConfigurationList;
			buildConfigurations = (
				2B3520D41FD91C1A0021313A /* Debug */,
				2B3520D51FD91C1A0021313A /* Release */,
			);
			defaultConfigurationIsVisible = 0;
			defaultConfigurationName = Release;
		};
		2B3520D61FD91C1A0021313A /* Build configuration list for PBXNativeTarget "Animation_Swift" */ = {
			isa = XCConfigurationList;
			buildConfigurations = (
				2B3520D71FD91C1A0021313A /* Debug */,
				2B3520D81FD91C1A0021313A /* Release */,
			);
			defaultConfigurationIsVisible = 0;
			defaultConfigurationName = Release;
		};
/* End XCConfigurationList section */
	};
	rootObject = 2B3520BC1FD91C1A0021313A /* Project object */;
}
